
Microsoft Visual Studio Solution File, Format Version 12.00
# Visual Studio 14
VisualStudioVersion = 14.0.25420.1
MinimumVisualStudioVersion = 10.0.40219.1
Project("{FAE04EC0-301F-11D3-BF4B-00C04F79EFBC}") = "PowerMonitor", "PowerMonitor\PowerMonitor.csproj", "{819DDB73-D269-4C81-988E-5F8D1F2A755C}"
EndProject
Project("{FAE04EC0-301F-11D3-BF4B-00C04F79EFBC}") = "CalculateEngine", "CalculateEngine\CalculateEngine.csproj", "{19B4D910-205B-4B75-8FA4-9C522183F61F}"
EndProject
Global
	GlobalSection(SolutionConfigurationPlatforms) = preSolution
		Debug|Any CPU = Debug|Any CPU
		Release|Any CPU = Release|Any CPU
	EndGlobalSection
	GlobalSection(ProjectConfigurationPlatforms) = postSolution
		{819DDB73-D269-4C81-988E-5F8D1F2A755C}.Debug|Any CPU.ActiveCfg = Debug|Any CPU
		{819DDB73-D269-4C81-988E-5F8D1F2A755C}.Debug|Any CPU.Build.0 = Debug|Any CPU
		{819DDB73-D269-4C81-988E-5F8D1F2A755C}.Release|Any CPU.ActiveCfg = Release|Any CPU
		{819DDB73-D269-4C81-988E-5F8D1F2A755C}.Release|Any CPU.Build.0 = Release|Any CPU
		{19B4D910-205B-4B75-8FA4-9C522183F61F}.Debug|Any CPU.ActiveCfg = Debug|Any CPU
		{19B4D910-205B-4B75-8FA4-9C522183F61F}.Debug|Any CPU.Build.0 = Debug|Any CPU
		{19B4D910-205B-4B75-8FA4-9C522183F61F}.Release|Any CPU.ActiveCfg = Release|Any CPU
		{19B4D910-205B-4B75-8FA4-9C522183F61F}.Release|Any CPU.Build.0 = Release|Any CPU
	EndGlobalSection
	GlobalSection(SolutionProperties) = preSolution
		HideSolutionNode = FALSE
	EndGlobalSection
EndGlobal
