
Microsoft Visual Studio Solution File, Format Version 12.00
# Visual Studio 14
VisualStudioVersion = 14.0.25420.1
MinimumVisualStudioVersion = 10.0.40219.1
Project("{FAE04EC0-301F-11D3-BF4B-00C04F79EFBC}") = "ChaoLiu", "ChaoLiu\ChaoLiu.csproj", "{5788A447-4BAB-48B4-9BE2-C3785B3E879C}"
EndProject
Project("{FAE04EC0-301F-11D3-BF4B-00C04F79EFBC}") = "Calculate", "Calculate\Calculate.csproj", "{BAD27A54-9E2D-4F35-8E2E-DC49145575B6}"
EndProject
Project("{FAE04EC0-301F-11D3-BF4B-00C04F79EFBC}") = "PreHandle", "PreHandle\PreHandle.csproj", "{9416DE54-E75D-408E-9C28-10F2739CF192}"
EndProject
Project("{FAE04EC0-301F-11D3-BF4B-00C04F79EFBC}") = "PowerMonitor", "PowerMonitor\PowerMonitor.csproj", "{819DDB73-D269-4C81-988E-5F8D1F2A755C}"
EndProject
Project("{FAE04EC0-301F-11D3-BF4B-00C04F79EFBC}") = "lianxi", "lianxi\lianxi.csproj", "{641C01EA-7E6E-48E9-B136-00835E5496CA}"
EndProject
Project("{FAE04EC0-301F-11D3-BF4B-00C04F79EFBC}") = "CalculateEngine", "CalculateEngine\CalculateEngine.csproj", "{19B4D910-205B-4B75-8FA4-9C522183F61F}"
EndProject
Global
	GlobalSection(SolutionConfigurationPlatforms) = preSolution
		Debug|Any CPU = Debug|Any CPU
		Release|Any CPU = Release|Any CPU
	EndGlobalSection
	GlobalSection(ProjectConfigurationPlatforms) = postSolution
		{5788A447-4BAB-48B4-9BE2-C3785B3E879C}.Debug|Any CPU.ActiveCfg = Debug|Any CPU
		{5788A447-4BAB-48B4-9BE2-C3785B3E879C}.Debug|Any CPU.Build.0 = Debug|Any CPU
		{5788A447-4BAB-48B4-9BE2-C3785B3E879C}.Release|Any CPU.ActiveCfg = Release|Any CPU
		{5788A447-4BAB-48B4-9BE2-C3785B3E879C}.Release|Any CPU.Build.0 = Release|Any CPU
		{BAD27A54-9E2D-4F35-8E2E-DC49145575B6}.Debug|Any CPU.ActiveCfg = Debug|Any CPU
		{BAD27A54-9E2D-4F35-8E2E-DC49145575B6}.Debug|Any CPU.Build.0 = Debug|Any CPU
		{BAD27A54-9E2D-4F35-8E2E-DC49145575B6}.Release|Any CPU.ActiveCfg = Release|Any CPU
		{BAD27A54-9E2D-4F35-8E2E-DC49145575B6}.Release|Any CPU.Build.0 = Release|Any CPU
		{9416DE54-E75D-408E-9C28-10F2739CF192}.Debug|Any CPU.ActiveCfg = Debug|Any CPU
		{9416DE54-E75D-408E-9C28-10F2739CF192}.Debug|Any CPU.Build.0 = Debug|Any CPU
		{9416DE54-E75D-408E-9C28-10F2739CF192}.Release|Any CPU.ActiveCfg = Release|Any CPU
		{9416DE54-E75D-408E-9C28-10F2739CF192}.Release|Any CPU.Build.0 = Release|Any CPU
		{819DDB73-D269-4C81-988E-5F8D1F2A755C}.Debug|Any CPU.ActiveCfg = Debug|Any CPU
		{819DDB73-D269-4C81-988E-5F8D1F2A755C}.Debug|Any CPU.Build.0 = Debug|Any CPU
		{819DDB73-D269-4C81-988E-5F8D1F2A755C}.Release|Any CPU.ActiveCfg = Release|Any CPU
		{819DDB73-D269-4C81-988E-5F8D1F2A755C}.Release|Any CPU.Build.0 = Release|Any CPU
		{641C01EA-7E6E-48E9-B136-00835E5496CA}.Debug|Any CPU.ActiveCfg = Debug|Any CPU
		{641C01EA-7E6E-48E9-B136-00835E5496CA}.Debug|Any CPU.Build.0 = Debug|Any CPU
		{641C01EA-7E6E-48E9-B136-00835E5496CA}.Release|Any CPU.ActiveCfg = Release|Any CPU
		{641C01EA-7E6E-48E9-B136-00835E5496CA}.Release|Any CPU.Build.0 = Release|Any CPU
		{19B4D910-205B-4B75-8FA4-9C522183F61F}.Debug|Any CPU.ActiveCfg = Debug|Any CPU
		{19B4D910-205B-4B75-8FA4-9C522183F61F}.Debug|Any CPU.Build.0 = Debug|Any CPU
		{19B4D910-205B-4B75-8FA4-9C522183F61F}.Release|Any CPU.ActiveCfg = Release|Any CPU
		{19B4D910-205B-4B75-8FA4-9C522183F61F}.Release|Any CPU.Build.0 = Release|Any CPU
	EndGlobalSection
	GlobalSection(SolutionProperties) = preSolution
		HideSolutionNode = FALSE
	EndGlobalSection
EndGlobal
